// !$*UTF8*$!
{
	archiveVersion = 1;
	classes = {
	};
	objectVersion = 55;
	objects = {

/* Begin PBXBuildFile section */
		F416D243298B83BC009F0CE8 /* AppDelegate.swift in Sources */ = {isa = PBXBuildFile; fileRef = F416D242298B83BC009F0CE8 /* AppDelegate.swift */; };
		F416D245298B83BC009F0CE8 /* SceneDelegate.swift in Sources */ = {isa = PBXBuildFile; fileRef = F416D244298B83BC009F0CE8 /* SceneDelegate.swift */; };
		F416D247298B83BC009F0CE8 /* ViewController.swift in Sources */ = {isa = PBXBuildFile; fileRef = F416D246298B83BC009F0CE8 /* ViewController.swift */; };
		F416D24A298B83BC009F0CE8 /* Main.storyboard in Resources */ = {isa = PBXBuildFile; fileRef = F416D248298B83BC009F0CE8 /* Main.storyboard */; };
		F416D24C298B83BC009F0CE8 /* Assets.xcassets in Resources */ = {isa = PBXBuildFile; fileRef = F416D24B298B83BC009F0CE8 /* Assets.xcassets */; };
		F416D24F298B83BC009F0CE8 /* LaunchScreen.storyboard in Resources */ = {isa = PBXBuildFile; fileRef = F416D24D298B83BC009F0CE8 /* LaunchScreen.storyboard */; };
		F416D25A298B83BD009F0CE8 /* Chitrala_Assignment02Tests.swift in Sources */ = {isa = PBXBuildFile; fileRef = F416D259298B83BD009F0CE8 /* Chitrala_Assignment02Tests.swift */; };
		F416D264298B83BD009F0CE8 /* Chitrala_Assignment02UITests.swift in Sources */ = {isa = PBXBuildFile; fileRef = F416D263298B83BD009F0CE8 /* Chitrala_Assignment02UITests.swift */; };
		F416D266298B83BD009F0CE8 /* Chitrala_Assignment02UITestsLaunchTests.swift in Sources */ = {isa = PBXBuildFile; fileRef = F416D265298B83BD009F0CE8 /* Chitrala_Assignment02UITestsLaunchTests.swift */; };
/* End PBXBuildFile section */

/* Begin PBXContainerItemProxy section */
		F416D256298B83BD009F0CE8 /* PBXContainerItemProxy */ = {
			isa = PBXContainerItemProxy;
			containerPortal = F416D237298B83BC009F0CE8 /* Project object */;
			proxyType = 1;
			remoteGlobalIDString = F416D23E298B83BC009F0CE8;
			remoteInfo = Chitrala_Assignment02;
		};
		F416D260298B83BD009F0CE8 /* PBXContainerItemProxy */ = {
			isa = PBXContainerItemProxy;
			containerPortal = F416D237298B83BC009F0CE8 /* Project object */;
			proxyType = 1;
			remoteGlobalIDString = F416D23E298B83BC009F0CE8;
			remoteInfo = Chitrala_Assignment02;
		};
/* End PBXContainerItemProxy section */

/* Begin PBXFileReference section */
		F416D23F298B83BC009F0CE8 /* Chitrala_Assignment02.app */ = {isa = PBXFileReference; explicitFileType = wrapper.application; includeInIndex = 0; path = Chitrala_Assignment02.app; sourceTree = BUILT_PRODUCTS_DIR; };
		F416D242298B83BC009F0CE8 /* AppDelegate.swift */ = {isa = PBXFileReference; lastKnownFileType = sourcecode.swift; path = AppDelegate.swift; sourceTree = "<group>"; };
		F416D244298B83BC009F0CE8 /* SceneDelegate.swift */ = {isa = PBXFileReference; lastKnownFileType = sourcecode.swift; path = SceneDelegate.swift; sourceTree = "<group>"; };
		F416D246298B83BC009F0CE8 /* ViewController.swift */ = {isa = PBXFileReference; lastKnownFileType = sourcecode.swift; path = ViewController.swift; sourceTree = "<group>"; };
		F416D249298B83BC009F0CE8 /* Base */ = {isa = PBXFileReference; lastKnownFileType = file.storyboard; name = Base; path = Base.lproj/Main.storyboard; sourceTree = "<group>"; };
		F416D24B298B83BC009F0CE8 /* Assets.xcassets */ = {isa = PBXFileReference; lastKnownFileType = folder.assetcatalog; path = Assets.xcassets; sourceTree = "<group>"; };
		F416D24E298B83BC009F0CE8 /* Base */ = {isa = PBXFileReference; lastKnownFileType = file.storyboard; name = Base; path = Base.lproj/LaunchScreen.storyboard; sourceTree = "<group>"; };
		F416D250298B83BC009F0CE8 /* Info.plist */ = {isa = PBXFileReference; lastKnownFileType = text.plist.xml; path = Info.plist; sourceTree = "<group>"; };
		F416D255298B83BD009F0CE8 /* Chitrala_Assignment02Tests.xctest */ = {isa = PBXFileReference; explicitFileType = wrapper.cfbundle; includeInIndex = 0; path = Chitrala_Assignment02Tests.xctest; sourceTree = BUILT_PRODUCTS_DIR; };
		F416D259298B83BD009F0CE8 /* Chitrala_Assignment02Tests.swift */ = {isa = PBXFileReference; lastKnownFileType = sourcecode.swift; path = Chitrala_Assignment02Tests.swift; sourceTree = "<group>"; };
		F416D25F298B83BD009F0CE8 /* Chitrala_Assignment02UITests.xctest */ = {isa = PBXFileReference; explicitFileType = wrapper.cfbundle; includeInIndex = 0; path = Chitrala_Assignment02UITests.xctest; sourceTree = BUILT_PRODUCTS_DIR; };
		F416D263298B83BD009F0CE8 /* Chitrala_Assignment02UITests.swift */ = {isa = PBXFileReference; lastKnownFileType = sourcecode.swift; path = Chitrala_Assignment02UITests.swift; sourceTree = "<group>"; };
		F416D265298B83BD009F0CE8 /* Chitrala_Assignment02UITestsLaunchTests.swift */ = {isa = PBXFileReference; lastKnownFileType = sourcecode.swift; path = Chitrala_Assignment02UITestsLaunchTests.swift; sourceTree = "<group>"; };
/* End PBXFileReference section */

/* Begin PBXFrameworksBuildPhase section */
		F416D23C298B83BC009F0CE8 /* Frameworks */ = {
			isa = PBXFrameworksBuildPhase;
			buildActionMask = 2147483647;
			files = (
			);
			runOnlyForDeploymentPostprocessing = 0;
		};
		F416D252298B83BD009F0CE8 /* Frameworks */ = {
			isa = PBXFrameworksBuildPhase;
			buildActionMask = 2147483647;
			files = (
			);
			runOnlyForDeploymentPostprocessing = 0;
		};
		F416D25C298B83BD009F0CE8 /* Frameworks */ = {
			isa = PBXFrameworksBuildPhase;
			buildActionMask = 2147483647;
			files = (
			);
			runOnlyForDeploymentPostprocessing = 0;
		};
/* End PBXFrameworksBuildPhase section */

/* Begin PBXGroup section */
		F416D236298B83BC009F0CE8 = {
			isa = PBXGroup;
			children = (
				F416D241298B83BC009F0CE8 /* Chitrala_Assignment02 */,
				F416D258298B83BD009F0CE8 /* Chitrala_Assignment02Tests */,
				F416D262298B83BD009F0CE8 /* Chitrala_Assignment02UITests */,
				F416D240298B83BC009F0CE8 /* Products */,
			);
			sourceTree = "<group>";
		};
		F416D240298B83BC009F0CE8 /* Products */ = {
			isa = PBXGroup;
			children = (
				F416D23F298B83BC009F0CE8 /* Chitrala_Assignment02.app */,
				F416D255298B83BD009F0CE8 /* Chitrala_Assignment02Tests.xctest */,
				F416D25F298B83BD009F0CE8 /* Chitrala_Assignment02UITests.xctest */,
			);
			name = Products;
			sourceTree = "<group>";
		};
		F416D241298B83BC009F0CE8 /* Chitrala_Assignment02 */ = {
			isa = PBXGroup;
			children = (
				F416D242298B83BC009F0CE8 /* AppDelegate.swift */,
				F416D244298B83BC009F0CE8 /* SceneDelegate.swift */,
				F416D246298B83BC009F0CE8 /* ViewController.swift */,
				F416D248298B83BC009F0CE8 /* Main.storyboard */,
				F416D24B298B83BC009F0CE8 /* Assets.xcassets */,
				F416D24D298B83BC009F0CE8 /* LaunchScreen.storyboard */,
				F416D250298B83BC009F0CE8 /* Info.plist */,
			);
			path = Chitrala_Assignment02;
			sourceTree = "<group>";
		};
		F416D258298B83BD009F0CE8 /* Chitrala_Assignment02Tests */ = {
			isa = PBXGroup;
			children = (
				F416D259298B83BD009F0CE8 /* Chitrala_Assignment02Tests.swift */,
			);
			path = Chitrala_Assignment02Tests;
			sourceTree = "<group>";
		};
		F416D262298B83BD009F0CE8 /* Chitrala_Assignment02UITests */ = {
			isa = PBXGroup;
			children = (
				F416D263298B83BD009F0CE8 /* Chitrala_Assignment02UITests.swift */,
				F416D265298B83BD009F0CE8 /* Chitrala_Assignment02UITestsLaunchTests.swift */,
			);
			path = Chitrala_Assignment02UITests;
			sourceTree = "<group>";
		};
/* End PBXGroup section */

/* Begin PBXNativeTarget section */
		F416D23E298B83BC009F0CE8 /* Chitrala_Assignment02 */ = {
			isa = PBXNativeTarget;
			buildConfigurationList = F416D269298B83BD009F0CE8 /* Build configuration list for PBXNativeTarget "Chitrala_Assignment02" */;
			buildPhases = (
				F416D23B298B83BC009F0CE8 /* Sources */,
				F416D23C298B83BC009F0CE8 /* Frameworks */,
				F416D23D298B83BC009F0CE8 /* Resources */,
			);
			buildRules = (
			);
			dependencies = (
			);
			name = Chitrala_Assignment02;
			productName = Chitrala_Assignment02;
			productReference = F416D23F298B83BC009F0CE8 /* Chitrala_Assignment02.app */;
			productType = "com.apple.product-type.application";
		};
		F416D254298B83BD009F0CE8 /* Chitrala_Assignment02Tests */ = {
			isa = PBXNativeTarget;
			buildConfigurationList = F416D26C298B83BD009F0CE8 /* Build configuration list for PBXNativeTarget "Chitrala_Assignment02Tests" */;
			buildPhases = (
				F416D251298B83BD009F0CE8 /* Sources */,
				F416D252298B83BD009F0CE8 /* Frameworks */,
				F416D253298B83BD009F0CE8 /* Resources */,
			);
			buildRules = (
			);
			dependencies = (
				F416D257298B83BD009F0CE8 /* PBXTargetDependency */,
			);
			name = Chitrala_Assignment02Tests;
			productName = Chitrala_Assignment02Tests;
			productReference = F416D255298B83BD009F0CE8 /* Chitrala_Assignment02Tests.xctest */;
			productType = "com.apple.product-type.bundle.unit-test";
		};
		F416D25E298B83BD009F0CE8 /* Chitrala_Assignment02UITests */ = {
			isa = PBXNativeTarget;
			buildConfigurationList = F416D26F298B83BD009F0CE8 /* Build configuration list for PBXNativeTarget "Chitrala_Assignment02UITests" */;
			buildPhases = (
				F416D25B298B83BD009F0CE8 /* Sources */,
				F416D25C298B83BD009F0CE8 /* Frameworks */,
				F416D25D298B83BD009F0CE8 /* Resources */,
			);
			buildRules = (
			);
			dependencies = (
				F416D261298B83BD009F0CE8 /* PBXTargetDependency */,
			);
			name = Chitrala_Assignment02UITests;
			productName = Chitrala_Assignment02UITests;
			productReference = F416D25F298B83BD009F0CE8 /* Chitrala_Assignment02UITests.xctest */;
			productType = "com.apple.product-type.bundle.ui-testing";
		};
/* End PBXNativeTarget section */

/* Begin PBXProject section */
		F416D237298B83BC009F0CE8 /* Project object */ = {
			isa = PBXProject;
			attributes = {
				BuildIndependentTargetsInParallel = 1;
				LastSwiftUpdateCheck = 1340;
				LastUpgradeCheck = 1340;
				TargetAttributes = {
					F416D23E298B83BC009F0CE8 = {
						CreatedOnToolsVersion = 13.4.1;
					};
					F416D254298B83BD009F0CE8 = {
						CreatedOnToolsVersion = 13.4.1;
						TestTargetID = F416D23E298B83BC009F0CE8;
					};
					F416D25E298B83BD009F0CE8 = {
						CreatedOnToolsVersion = 13.4.1;
						TestTargetID = F416D23E298B83BC009F0CE8;
					};
				};
			};
			buildConfigurationList = F416D23A298B83BC009F0CE8 /* Build configuration list for PBXProject "Chitrala_Assignment02" */;
			compatibilityVersion = "Xcode 13.0";
			developmentRegion = en;
			hasScannedForEncodings = 0;
			knownRegions = (
				en,
				Base,
			);
			mainGroup = F416D236298B83BC009F0CE8;
			productRefGroup = F416D240298B83BC009F0CE8 /* Products */;
			projectDirPath = "";
			projectRoot = "";
			targets = (
				F416D23E298B83BC009F0CE8 /* Chitrala_Assignment02 */,
				F416D254298B83BD009F0CE8 /* Chitrala_Assignment02Tests */,
				F416D25E298B83BD009F0CE8 /* Chitrala_Assignment02UITests */,
			);
		};
/* End PBXProject section */

/* Begin PBXResourcesBuildPhase section */
		F416D23D298B83BC009F0CE8 /* Resources */ = {
			isa = PBXResourcesBuildPhase;
			buildActionMask = 2147483647;
			files = (
				F416D24F298B83BC009F0CE8 /* LaunchScreen.storyboard in Resources */,
				F416D24C298B83BC009F0CE8 /* Assets.xcassets in Resources */,
				F416D24A298B83BC009F0CE8 /* Main.storyboard in Resources */,
			);
			runOnlyForDeploymentPostprocessing = 0;
		};
		F416D253298B83BD009F0CE8 /* Resources */ = {
			isa = PBXResourcesBuildPhase;
			buildActionMask = 2147483647;
			files = (
			);
			runOnlyForDeploymentPostprocessing = 0;
		};
		F416D25D298B83BD009F0CE8 /* Resources */ = {
			isa = PBXResourcesBuildPhase;
			buildActionMask = 2147483647;
			files = (
			);
			runOnlyForDeploymentPostprocessing = 0;
		};
/* End PBXResourcesBuildPhase section */

/* Begin PBXSourcesBuildPhase section */
		F416D23B298B83BC009F0CE8 /* Sources */ = {
			isa = PBXSourcesBuildPhase;
			buildActionMask = 2147483647;
			files = (
				F416D247298B83BC009F0CE8 /* ViewController.swift in Sources */,
				F416D243298B83BC009F0CE8 /* AppDelegate.swift in Sources */,
				F416D245298B83BC009F0CE8 /* SceneDelegate.swift in Sources */,
			);
			runOnlyForDeploymentPostprocessing = 0;
		};
		F416D251298B83BD009F0CE8 /* Sources */ = {
			isa = PBXSourcesBuildPhase;
			buildActionMask = 2147483647;
			files = (
				F416D25A298B83BD009F0CE8 /* Chitrala_Assignment02Tests.swift in Sources */,
			);
			runOnlyForDeploymentPostprocessing = 0;
		};
		F416D25B298B83BD009F0CE8 /* Sources */ = {
			isa = PBXSourcesBuildPhase;
			buildActionMask = 2147483647;
			files = (
				F416D264298B83BD009F0CE8 /* Chitrala_Assignment02UITests.swift in Sources */,
				F416D266298B83BD009F0CE8 /* Chitrala_Assignment02UITestsLaunchTests.swift in Sources */,
			);
			runOnlyForDeploymentPostprocessing = 0;
		};
/* End PBXSourcesBuildPhase section */

/* Begin PBXTargetDependency section */
		F416D257298B83BD009F0CE8 /* PBXTargetDependency */ = {
			isa = PBXTargetDependency;
			target = F416D23E298B83BC009F0CE8 /* Chitrala_Assignment02 */;
			targetProxy = F416D256298B83BD009F0CE8 /* PBXContainerItemProxy */;
		};
		F416D261298B83BD009F0CE8 /* PBXTargetDependency */ = {
			isa = PBXTargetDependency;
			target = F416D23E298B83BC009F0CE8 /* Chitrala_Assignment02 */;
			targetProxy = F416D260298B83BD009F0CE8 /* PBXContainerItemProxy */;
		};
/* End PBXTargetDependency section */

/* Begin PBXVariantGroup section */
		F416D248298B83BC009F0CE8 /* Main.storyboard */ = {
			isa = PBXVariantGroup;
			children = (
				F416D249298B83BC009F0CE8 /* Base */,
			);
			name = Main.storyboard;
			sourceTree = "<group>";
		};
		F416D24D298B83BC009F0CE8 /* LaunchScreen.storyboard */ = {
			isa = PBXVariantGroup;
			children = (
				F416D24E298B83BC009F0CE8 /* Base */,
			);
			name = LaunchScreen.storyboard;
			sourceTree = "<group>";
		};
/* End PBXVariantGroup section */

/* Begin XCBuildConfiguration section */
		F416D267298B83BD009F0CE8 /* Debug */ = {
			isa = XCBuildConfiguration;
			buildSettings = {
				ALWAYS_SEARCH_USER_PATHS = NO;
				CLANG_ANALYZER_NONNULL = YES;
				CLANG_ANALYZER_NUMBER_OBJECT_CONVERSION = YES_AGGRESSIVE;
				CLANG_CXX_LANGUAGE_STANDARD = "gnu++17";
				CLANG_ENABLE_MODULES = YES;
				CLANG_ENABLE_OBJC_ARC = YES;
				CLANG_ENABLE_OBJC_WEAK = YES;
				CLANG_WARN_BLOCK_CAPTURE_AUTORELEASING = YES;
				CLANG_WARN_BOOL_CONVERSION = YES;
				CLANG_WARN_COMMA = YES;
				CLANG_WARN_CONSTANT_CONVERSION = YES;
				CLANG_WARN_DEPRECATED_OBJC_IMPLEMENTATIONS = YES;
				CLANG_WARN_DIRECT_OBJC_ISA_USAGE = YES_ERROR;
				CLANG_WARN_DOCUMENTATION_COMMENTS = YES;
				CLANG_WARN_EMPTY_BODY = YES;
				CLANG_WARN_ENUM_CONVERSION = YES;
				CLANG_WARN_INFINITE_RECURSION = YES;
				CLANG_WARN_INT_CONVERSION = YES;
				CLANG_WARN_NON_LITERAL_NULL_CONVERSION = YES;
				CLANG_WARN_OBJC_IMPLICIT_RETAIN_SELF = YES;
				CLANG_WARN_OBJC_LITERAL_CONVERSION = YES;
				CLANG_WARN_OBJC_ROOT_CLASS = YES_ERROR;
				CLANG_WARN_QUOTED_INCLUDE_IN_FRAMEWORK_HEADER = YES;
				CLANG_WARN_RANGE_LOOP_ANALYSIS = YES;
				CLANG_WARN_STRICT_PROTOTYPES = YES;
				CLANG_WARN_SUSPICIOUS_MOVE = YES;
				CLANG_WARN_UNGUARDED_AVAILABILITY = YES_AGGRESSIVE;
				CLANG_WARN_UNREACHABLE_CODE = YES;
				CLANG_WARN__DUPLICATE_METHOD_MATCH = YES;
				COPY_PHASE_STRIP = NO;
				DEBUG_INFORMATION_FORMAT = dwarf;
				ENABLE_STRICT_OBJC_MSGSEND = YES;
				ENABLE_TESTABILITY = YES;
				GCC_C_LANGUAGE_STANDARD = gnu11;
				GCC_DYNAMIC_NO_PIC = NO;
				GCC_NO_COMMON_BLOCKS = YES;
				GCC_OPTIMIZATION_LEVEL = 0;
				GCC_PREPROCESSOR_DEFINITIONS = (
					"DEBUG=1",
					"$(inherited)",
				);
				GCC_WARN_64_TO_32_BIT_CONVERSION = YES;
				GCC_WARN_ABOUT_RETURN_TYPE = YES_ERROR;
				GCC_WARN_UNDECLARED_SELECTOR = YES;
				GCC_WARN_UNINITIALIZED_AUTOS = YES_AGGRESSIVE;
				GCC_WARN_UNUSED_FUNCTION = YES;
				GCC_WARN_UNUSED_VARIABLE = YES;
				IPHONEOS_DEPLOYMENT_TARGET = 15.5;
				MTL_ENABLE_DEBUG_INFO = INCLUDE_SOURCE;
				MTL_FAST_MATH = YES;
				ONLY_ACTIVE_ARCH = YES;
				SDKROOT = iphoneos;
				SWIFT_ACTIVE_COMPILATION_CONDITIONS = DEBUG;
				SWIFT_OPTIMIZATION_LEVEL = "-Onone";
			};
			name = Debug;
		};
		F416D268298B83BD009F0CE8 /* Release */ = {
			isa = XCBuildConfiguration;
			buildSettings = {
				ALWAYS_SEARCH_USER_PATHS = NO;
				CLANG_ANALYZER_NONNULL = YES;
				CLANG_ANALYZER_NUMBER_OBJECT_CONVERSION = YES_AGGRESSIVE;
				CLANG_CXX_LANGUAGE_STANDARD = "gnu++17";
				CLANG_ENABLE_MODULES = YES;
				CLANG_ENABLE_OBJC_ARC = YES;
				CLANG_ENABLE_OBJC_WEAK = YES;
				CLANG_WARN_BLOCK_CAPTURE_AUTORELEASING = YES;
				CLANG_WARN_BOOL_CONVERSION = YES;
				CLANG_WARN_COMMA = YES;
				CLANG_WARN_CONSTANT_CONVERSION = YES;
				CLANG_WARN_DEPRECATED_OBJC_IMPLEMENTATIONS = YES;
				CLANG_WARN_DIRECT_OBJC_ISA_USAGE = YES_ERROR;
				CLANG_WARN_DOCUMENTATION_COMMENTS = YES;
				CLANG_WARN_EMPTY_BODY = YES;
				CLANG_WARN_ENUM_CONVERSION = YES;
				CLANG_WARN_INFINITE_RECURSION = YES;
				CLANG_WARN_INT_CONVERSION = YES;
				CLANG_WARN_NON_LITERAL_NULL_CONVERSION = YES;
				CLANG_WARN_OBJC_IMPLICIT_RETAIN_SELF = YES;
				CLANG_WARN_OBJC_LITERAL_CONVERSION = YES;
				CLANG_WARN_OBJC_ROOT_CLASS = YES_ERROR;
				CLANG_WARN_QUOTED_INCLUDE_IN_FRAMEWORK_HEADER = YES;
				CLANG_WARN_RANGE_LOOP_ANALYSIS = YES;
				CLANG_WARN_STRICT_PROTOTYPES = YES;
				CLANG_WARN_SUSPICIOUS_MOVE = YES;
				CLANG_WARN_UNGUARDED_AVAILABILITY = YES_AGGRESSIVE;
				CLANG_WARN_UNREACHABLE_CODE = YES;
				CLANG_WARN__DUPLICATE_METHOD_MATCH = YES;
				COPY_PHASE_STRIP = NO;
				DEBUG_INFORMATION_FORMAT = "dwarf-with-dsym";
				ENABLE_NS_ASSERTIONS = NO;
				ENABLE_STRICT_OBJC_MSGSEND = YES;
				GCC_C_LANGUAGE_STANDARD = gnu11;
				GCC_NO_COMMON_BLOCKS = YES;
				GCC_WARN_64_TO_32_BIT_CONVERSION = YES;
				GCC_WARN_ABOUT_RETURN_TYPE = YES_ERROR;
				GCC_WARN_UNDECLARED_SELECTOR = YES;
				GCC_WARN_UNINITIALIZED_AUTOS = YES_AGGRESSIVE;
				GCC_WARN_UNUSED_FUNCTION = YES;
				GCC_WARN_UNUSED_VARIABLE = YES;
				IPHONEOS_DEPLOYMENT_TARGET = 15.5;
				MTL_ENABLE_DEBUG_INFO = NO;
				MTL_FAST_MATH = YES;
				SDKROOT = iphoneos;
				SWIFT_COMPILATION_MODE = wholemodule;
				SWIFT_OPTIMIZATION_LEVEL = "-O";
				VALIDATE_PRODUCT = YES;
			};
			name = Release;
		};
		F416D26A298B83BD009F0CE8 /* Debug */ = {
			isa = XCBuildConfiguration;
			buildSettings = {
				ASSETCATALOG_COMPILER_APPICON_NAME = AppIcon;
				ASSETCATALOG_COMPILER_GLOBAL_ACCENT_COLOR_NAME = AccentColor;
				CODE_SIGN_STYLE = Automatic;
				CURRENT_PROJECT_VERSION = 1;
				GENERATE_INFOPLIST_FILE = YES;
				INFOPLIST_FILE = Chitrala_Assignment02/Info.plist;
				INFOPLIST_KEY_UIApplicationSupportsIndirectInputEvents = YES;
				INFOPLIST_KEY_UILaunchStoryboardName = LaunchScreen;
				INFOPLIST_KEY_UIMainStoryboardFile = Main;
				INFOPLIST_KEY_UISupportedInterfaceOrientations_iPad = "UIInterfaceOrientationPortrait UIInterfaceOrientationPortraitUpsideDown UIInterfaceOrientationLandscapeLeft UIInterfaceOrientationLandscapeRight";
				INFOPLIST_KEY_UISupportedInterfaceOrientations_iPhone = "UIInterfaceOrientationPortrait UIInterfaceOrientationLandscapeLeft UIInterfaceOrientationLandscapeRight";
				LD_RUNPATH_SEARCH_PATHS = (
					"$(inherited)",
					"@executable_path/Frameworks",
				);
				MARKETING_VERSION = 1.0;
				PRODUCT_BUNDLE_IDENTIFIER = "nwmsu.Chitrala-Assignment02";
				PRODUCT_NAME = "$(TARGET_NAME)";
				SWIFT_EMIT_LOC_STRINGS = YES;
				SWIFT_VERSION = 5.0;
				TARGETED_DEVICE_FAMILY = "1,2";
			};
			name = Debug;
		};
		F416D26B298B83BD009F0CE8 /* Release */ = {
			isa = XCBuildConfiguration;
			buildSettings = {
				ASSETCATALOG_COMPILER_APPICON_NAME = AppIcon;
				ASSETCATALOG_COMPILER_GLOBAL_ACCENT_COLOR_NAME = AccentColor;
				CODE_SIGN_STYLE = Automatic;
				CURRENT_PROJECT_VERSION = 1;
				GENERATE_INFOPLIST_FILE = YES;
				INFOPLIST_FILE = Chitrala_Assignment02/Info.plist;
				INFOPLIST_KEY_UIApplicationSupportsIndirectInputEvents = YES;
				INFOPLIST_KEY_UILaunchStoryboardName = LaunchScreen;
				INFOPLIST_KEY_UIMainStoryboardFile = Main;
				INFOPLIST_KEY_UISupportedInterfaceOrientations_iPad = "UIInterfaceOrientationPortrait UIInterfaceOrientationPortraitUpsideDown UIInterfaceOrientationLandscapeLeft UIInterfaceOrientationLandscapeRight";
				INFOPLIST_KEY_UISupportedInterfaceOrientations_iPhone = "UIInterfaceOrientationPortrait UIInterfaceOrientationLandscapeLeft UIInterfaceOrientationLandscapeRight";
				LD_RUNPATH_SEARCH_PATHS = (
					"$(inherited)",
					"@executable_path/Frameworks",
				);
				MARKETING_VERSION = 1.0;
				PRODUCT_BUNDLE_IDENTIFIER = "nwmsu.Chitrala-Assignment02";
				PRODUCT_NAME = "$(TARGET_NAME)";
				SWIFT_EMIT_LOC_STRINGS = YES;
				SWIFT_VERSION = 5.0;
				TARGETED_DEVICE_FAMILY = "1,2";
			};
			name = Release;
		};
		F416D26D298B83BD009F0CE8 /* Debug */ = {
			isa = XCBuildConfiguration;
			buildSettings = {
				ALWAYS_EMBED_SWIFT_STANDARD_LIBRARIES = YES;
				BUNDLE_LOADER = "$(TEST_HOST)";
				CODE_SIGN_STYLE = Automatic;
				CURRENT_PROJECT_VERSION = 1;
				GENERATE_INFOPLIST_FILE = YES;
				IPHONEOS_DEPLOYMENT_TARGET = 15.5;
				MARKETING_VERSION = 1.0;
				PRODUCT_BUNDLE_IDENTIFIER = "nwmsu.Chitrala-Assignment02Tests";
				PRODUCT_NAME = "$(TARGET_NAME)";
				SWIFT_EMIT_LOC_STRINGS = NO;
				SWIFT_VERSION = 5.0;
				TARGETED_DEVICE_FAMILY = "1,2";
				TEST_HOST = "$(BUILT_PRODUCTS_DIR)/Chitrala_Assignment02.app/Chitrala_Assignment02";
			};
			name = Debug;
		};
		F416D26E298B83BD009F0CE8 /* Release */ = {
			isa = XCBuildConfiguration;
			buildSettings = {
				ALWAYS_EMBED_SWIFT_STANDARD_LIBRARIES = YES;
				BUNDLE_LOADER = "$(TEST_HOST)";
				CODE_SIGN_STYLE = Automatic;
				CURRENT_PROJECT_VERSION = 1;
				GENERATE_INFOPLIST_FILE = YES;
				IPHONEOS_DEPLOYMENT_TARGET = 15.5;
				MARKETING_VERSION = 1.0;
				PRODUCT_BUNDLE_IDENTIFIER = "nwmsu.Chitrala-Assignment02Tests";
				PRODUCT_NAME = "$(TARGET_NAME)";
				SWIFT_EMIT_LOC_STRINGS = NO;
				SWIFT_VERSION = 5.0;
				TARGETED_DEVICE_FAMILY = "1,2";
				TEST_HOST = "$(BUILT_PRODUCTS_DIR)/Chitrala_Assignment02.app/Chitrala_Assignment02";
			};
			name = Release;
		};
		F416D270298B83BD009F0CE8 /* Debug */ = {
			isa = XCBuildConfiguration;
			buildSettings = {
				ALWAYS_EMBED_SWIFT_STANDARD_LIBRARIES = YES;
				CODE_SIGN_STYLE = Automatic;
				CURRENT_PROJECT_VERSION = 1;
				GENERATE_INFOPLIST_FILE = YES;
				MARKETING_VERSION = 1.0;
				PRODUCT_BUNDLE_IDENTIFIER = "nwmsu.Chitrala-Assignment02UITests";
				PRODUCT_NAME = "$(TARGET_NAME)";
				SWIFT_EMIT_LOC_STRINGS = NO;
				SWIFT_VERSION = 5.0;
				TARGETED_DEVICE_FAMILY = "1,2";
				TEST_TARGET_NAME = Chitrala_Assignment02;
			};
			name = Debug;
		};
		F416D271298B83BD009F0CE8 /* Release */ = {
			isa = XCBuildConfiguration;
			buildSettings = {
				ALWAYS_EMBED_SWIFT_STANDARD_LIBRARIES = YES;
				CODE_SIGN_STYLE = Automatic;
				CURRENT_PROJECT_VERSION = 1;
				GENERATE_INFOPLIST_FILE = YES;
				MARKETING_VERSION = 1.0;
				PRODUCT_BUNDLE_IDENTIFIER = "nwmsu.Chitrala-Assignment02UITests";
				PRODUCT_NAME = "$(TARGET_NAME)";
				SWIFT_EMIT_LOC_STRINGS = NO;
				SWIFT_VERSION = 5.0;
				TARGETED_DEVICE_FAMILY = "1,2";
				TEST_TARGET_NAME = Chitrala_Assignment02;
			};
			name = Release;
		};
/* End XCBuildConfiguration section */

/* Begin XCConfigurationList section */
		F416D23A298B83BC009F0CE8 /* Build configuration list for PBXProject "Chitrala_Assignment02" */ = {
			isa = XCConfigurationList;
			buildConfigurations = (
				F416D267298B83BD009F0CE8 /* Debug */,
				F416D268298B83BD009F0CE8 /* Release */,
			);
			defaultConfigurationIsVisible = 0;
			defaultConfigurationName = Release;
		};
		F416D269298B83BD009F0CE8 /* Build configuration list for PBXNativeTarget "Chitrala_Assignment02" */ = {
			isa = XCConfigurationList;
			buildConfigurations = (
				F416D26A298B83BD009F0CE8 /* Debug */,
				F416D26B298B83BD009F0CE8 /* Release */,
			);
			defaultConfigurationIsVisible = 0;
			defaultConfigurationName = Release;
		};
		F416D26C298B83BD009F0CE8 /* Build configuration list for PBXNativeTarget "Chitrala_Assignment02Tests" */ = {
			isa = XCConfigurationList;
			buildConfigurations = (
				F416D26D298B83BD009F0CE8 /* Debug */,
				F416D26E298B83BD009F0CE8 /* Release */,
			);
			defaultConfigurationIsVisible = 0;
			defaultConfigurationName = Release;
		};
		F416D26F298B83BD009F0CE8 /* Build configuration list for PBXNativeTarget "Chitrala_Assignment02UITests" */ = {
			isa = XCConfigurationList;
			buildConfigurations = (
				F416D270298B83BD009F0CE8 /* Debug */,
				F416D271298B83BD009F0CE8 /* Release */,
			);
			defaultConfigurationIsVisible = 0;
			defaultConfigurationName = Release;
		};
/* End XCConfigurationList section */
	};
	rootObject = F416D237298B83BC009F0CE8 /* Project object */;
}
